
Microsoft Visual Studio Solution File, Format Version 12.00
# Visual Studio Version 16
VisualStudioVersion = 16.0.30523.141
MinimumVisualStudioVersion = 10.0.40219.1
Project("{FAE04EC0-301F-11D3-BF4B-00C04F79EFBC}") = "JobTestSemma", "JobTestSemma\JobTestSemma.csproj", "{8EA8BFAD-1E23-4552-B3A6-C73A822B08BF}"
EndProject
Global
	GlobalSection(SolutionConfigurationPlatforms) = preSolution
		Debug|Any CPU = Debug|Any CPU
		Release|Any CPU = Release|Any CPU
	EndGlobalSection
	GlobalSection(ProjectConfigurationPlatforms) = postSolution
		{8EA8BFAD-1E23-4552-B3A6-C73A822B08BF}.Debug|Any CPU.ActiveCfg = Debug|Any CPU
		{8EA8BFAD-1E23-4552-B3A6-C73A822B08BF}.Debug|Any CPU.Build.0 = Debug|Any CPU
		{8EA8BFAD-1E23-4552-B3A6-C73A822B08BF}.Release|Any CPU.ActiveCfg = Release|Any CPU
		{8EA8BFAD-1E23-4552-B3A6-C73A822B08BF}.Release|Any CPU.Build.0 = Release|Any CPU
	EndGlobalSection
	GlobalSection(SolutionProperties) = preSolution
		HideSolutionNode = FALSE
	EndGlobalSection
	GlobalSection(ExtensibilityGlobals) = postSolution
		SolutionGuid = {B0D83D75-59F0-4C03-9B5E-A5E0540E10AA}
	EndGlobalSection
EndGlobal
